schema: '2.0'
stages:
  get_data:
    cmd: python get_data.py
    deps:
    - path: get_data.py
      hash: md5
      md5: 474a90e405d7e647e0ca6a41ebaf9de9
      size: 305
    outs:
    - path: data/data_raw.csv
      hash: md5
      md5: 013d0da08d6506664ce640459139176b
      size: 3858
  train:
    cmd: python train.py
    deps:
    - path: data/data_raw.csv
      hash: md5
      md5: 013d0da08d6506664ce640459139176b
      size: 3858
    - path: train.py
      hash: md5
      md5: 944087d5740fcb137c598a02b8cbfc91
      size: 871
    outs:
    - path: confusion_matrix.png
      hash: md5
      md5: 9ff5384f0f20950bc0cbe050d4b07bc2
      size: 23225
    - path: metrics.json
      hash: md5
      md5: 484dae7eea13316cdc4bcf54825b3e80
      size: 32
